
Microsoft Visual Studio Solution File, Format Version 12.00
# Visual Studio Version 17
VisualStudioVersion = 17.14.36705.20 d17.14
MinimumVisualStudioVersion = 10.0.40219.1
Project("{888888A0-9F3D-457C-B088-3A5042F75D52}") = "LogicPY", "LogicPY\LogicPY.pyproj", "{4F5ABC4B-37E9-4EBB-A182-F6D9E1D9DCD5}"
EndProject
Global
	GlobalSection(SolutionConfigurationPlatforms) = preSolution
		Debug|Any CPU = Debug|Any CPU
		Release|Any CPU = Release|Any CPU
	EndGlobalSection
	GlobalSection(ProjectConfigurationPlatforms) = postSolution
		{4F5ABC4B-37E9-4EBB-A182-F6D9E1D9DCD5}.Debug|Any CPU.ActiveCfg = Debug|Any CPU
		{4F5ABC4B-37E9-4EBB-A182-F6D9E1D9DCD5}.Release|Any CPU.ActiveCfg = Release|Any CPU
	EndGlobalSection
	GlobalSection(SolutionProperties) = preSolution
		HideSolutionNode = FALSE
	EndGlobalSection
	GlobalSection(ExtensibilityGlobals) = postSolution
		SolutionGuid = {5AE92A1B-1C2A-4C06-8D88-457CA4A4440D}
	EndGlobalSection
EndGlobal
